PODS:
  - Flutter (1.0.0)
  - flutter_kmp_example (0.0.1):
    - Flutter
    - FlutterKmpExample
  - FlutterKmpExample (0.1.0)

DEPENDENCIES:
  - Flutter (from `Flutter`)
  - flutter_kmp_example (from `.symlinks/plugins/flutter_kmp_example/ios`)
  - FlutterKmpExample (from `../../../FlutterKmpExample.podspec`)

EXTERNAL SOURCES:
  Flutter:
    :path: Flutter
  flutter_kmp_example:
    :path: ".symlinks/plugins/flutter_kmp_example/ios"
  FlutterKmpExample:
    :path: "../../../FlutterKmpExample.podspec"

SPEC CHECKSUMS:
  Flutter: cabc95a1d2626b1b06e7179b784ebcf0c0cde467
  flutter_kmp_example: cef86282548c3343df655b50da93fb23981c5cfd
  FlutterKmpExample: 353b38380378eaf5b71cee500a84dae03fa23f7d

PODFILE CHECKSUM: 32d220c9c013f573c33d6e7ad07fe4c8480369ba

COCOAPODS: 1.16.2
